
Microsoft Visual Studio Solution File, Format Version 12.00
# Visual Studio Version 17
VisualStudioVersion = 17.1.32421.90
MinimumVisualStudioVersion = 10.0.40219.1
Project("{FAE04EC0-301F-11D3-BF4B-00C04F79EFBC}") = "Restaurant", "Restaurant\Restaurant.csproj", "{228B87CA-C98F-4E4C-8D8D-2D13014AE3DC}"
EndProject
Global
	GlobalSection(SolutionConfigurationPlatforms) = preSolution
		Debug|Any CPU = Debug|Any CPU
		Release|Any CPU = Release|Any CPU
	EndGlobalSection
	GlobalSection(ProjectConfigurationPlatforms) = postSolution
		{228B87CA-C98F-4E4C-8D8D-2D13014AE3DC}.Debug|Any CPU.ActiveCfg = Debug|Any CPU
		{228B87CA-C98F-4E4C-8D8D-2D13014AE3DC}.Debug|Any CPU.Build.0 = Debug|Any CPU
		{228B87CA-C98F-4E4C-8D8D-2D13014AE3DC}.Release|Any CPU.ActiveCfg = Release|Any CPU
		{228B87CA-C98F-4E4C-8D8D-2D13014AE3DC}.Release|Any CPU.Build.0 = Release|Any CPU
	EndGlobalSection
	GlobalSection(SolutionProperties) = preSolution
		HideSolutionNode = FALSE
	EndGlobalSection
	GlobalSection(ExtensibilityGlobals) = postSolution
		SolutionGuid = {C511A44E-2E46-4CDB-BC0E-10722DE71E79}
	EndGlobalSection
EndGlobal
